// !$*UTF8*$!
{
	archiveVersion = 1;
	classes = {
	};
	objectVersion = 77;
	objects = {

/* Begin PBXBuildFile section */
		856494502C87466B00DC2B93 /* clock Watch App.app in Embed Watch Content */ = {isa = PBXBuildFile; fileRef = 8564944F2C87466B00DC2B93 /* clock Watch App.app */; settings = {ATTRIBUTES = (RemoveHeadersOnCopy, ); }; };
/* End PBXBuildFile section */

/* Begin PBXContainerItemProxy section */
		856494512C87466B00DC2B93 /* PBXContainerItemProxy */ = {
			isa = PBXContainerItemProxy;
			containerPortal = 856494432C87466B00DC2B93 /* Project object */;
			proxyType = 1;
			remoteGlobalIDString = 8564944E2C87466B00DC2B93;
			remoteInfo = "clock Watch App";
		};
		856494622C87466E00DC2B93 /* PBXContainerItemProxy */ = {
			isa = PBXContainerItemProxy;
			containerPortal = 856494432C87466B00DC2B93 /* Project object */;
			proxyType = 1;
			remoteGlobalIDString = 8564944E2C87466B00DC2B93;
			remoteInfo = "clock Watch App";
		};
		8564946C2C87466E00DC2B93 /* PBXContainerItemProxy */ = {
			isa = PBXContainerItemProxy;
			containerPortal = 856494432C87466B00DC2B93 /* Project object */;
			proxyType = 1;
			remoteGlobalIDString = 8564944E2C87466B00DC2B93;
			remoteInfo = "clock Watch App";
		};
/* End PBXContainerItemProxy section */

/* Begin PBXCopyFilesBuildPhase section */
		856494782C87466E00DC2B93 /* Embed Watch Content */ = {
			isa = PBXCopyFilesBuildPhase;
			buildActionMask = 2147483647;
			dstPath = "$(CONTENTS_FOLDER_PATH)/Watch";
			dstSubfolderSpec = 16;
			files = (
				856494502C87466B00DC2B93 /* clock Watch App.app in Embed Watch Content */,
			);
			name = "Embed Watch Content";
			runOnlyForDeploymentPostprocessing = 0;
		};
/* End PBXCopyFilesBuildPhase section */

/* Begin PBXFileReference section */
		856494492C87466B00DC2B93 /* clock.app */ = {isa = PBXFileReference; explicitFileType = wrapper.application; includeInIndex = 0; path = clock.app; sourceTree = BUILT_PRODUCTS_DIR; };
		8564944F2C87466B00DC2B93 /* clock Watch App.app */ = {isa = PBXFileReference; explicitFileType = wrapper.application; includeInIndex = 0; path = "clock Watch App.app"; sourceTree = BUILT_PRODUCTS_DIR; };
		856494612C87466E00DC2B93 /* clock Watch AppTests.xctest */ = {isa = PBXFileReference; explicitFileType = wrapper.cfbundle; includeInIndex = 0; path = "clock Watch AppTests.xctest"; sourceTree = BUILT_PRODUCTS_DIR; };
		8564946B2C87466E00DC2B93 /* clock Watch AppUITests.xctest */ = {isa = PBXFileReference; explicitFileType = wrapper.cfbundle; includeInIndex = 0; path = "clock Watch AppUITests.xctest"; sourceTree = BUILT_PRODUCTS_DIR; };
/* End PBXFileReference section */

/* Begin PBXFileSystemSynchronizedRootGroup section */
		856494532C87466B00DC2B93 /* clock Watch App */ = {
			isa = PBXFileSystemSynchronizedRootGroup;
			path = "clock Watch App";
			sourceTree = "<group>";
		};
		856494642C87466E00DC2B93 /* clock Watch AppTests */ = {
			isa = PBXFileSystemSynchronizedRootGroup;
			path = "clock Watch AppTests";
			sourceTree = "<group>";
		};
		8564946E2C87466E00DC2B93 /* clock Watch AppUITests */ = {
			isa = PBXFileSystemSynchronizedRootGroup;
			path = "clock Watch AppUITests";
			sourceTree = "<group>";
		};
/* End PBXFileSystemSynchronizedRootGroup section */

/* Begin PBXFrameworksBuildPhase section */
		8564944C2C87466B00DC2B93 /* Frameworks */ = {
			isa = PBXFrameworksBuildPhase;
			buildActionMask = 2147483647;
			files = (
			);
			runOnlyForDeploymentPostprocessing = 0;
		};
		8564945E2C87466E00DC2B93 /* Frameworks */ = {
			isa = PBXFrameworksBuildPhase;
			buildActionMask = 2147483647;
			files = (
			);
			runOnlyForDeploymentPostprocessing = 0;
		};
		856494682C87466E00DC2B93 /* Frameworks */ = {
			isa = PBXFrameworksBuildPhase;
			buildActionMask = 2147483647;
			files = (
			);
			runOnlyForDeploymentPostprocessing = 0;
		};
/* End PBXFrameworksBuildPhase section */

/* Begin PBXGroup section */
		856494422C87466B00DC2B93 = {
			isa = PBXGroup;
			children = (
				856494532C87466B00DC2B93 /* clock Watch App */,
				856494642C87466E00DC2B93 /* clock Watch AppTests */,
				8564946E2C87466E00DC2B93 /* clock Watch AppUITests */,
				8564944A2C87466B00DC2B93 /* Products */,
			);
			sourceTree = "<group>";
		};
		8564944A2C87466B00DC2B93 /* Products */ = {
			isa = PBXGroup;
			children = (
				856494492C87466B00DC2B93 /* clock.app */,
				8564944F2C87466B00DC2B93 /* clock Watch App.app */,
				856494612C87466E00DC2B93 /* clock Watch AppTests.xctest */,
				8564946B2C87466E00DC2B93 /* clock Watch AppUITests.xctest */,
			);
			name = Products;
			sourceTree = "<group>";
		};
/* End PBXGroup section */

/* Begin PBXNativeTarget section */
		856494482C87466B00DC2B93 /* clock */ = {
			isa = PBXNativeTarget;
			buildConfigurationList = 856494792C87466E00DC2B93 /* Build configuration list for PBXNativeTarget "clock" */;
			buildPhases = (
				856494472C87466B00DC2B93 /* Resources */,
				856494782C87466E00DC2B93 /* Embed Watch Content */,
			);
			buildRules = (
			);
			dependencies = (
				856494522C87466B00DC2B93 /* PBXTargetDependency */,
			);
			name = clock;
			packageProductDependencies = (
			);
			productName = clock;
			productReference = 856494492C87466B00DC2B93 /* clock.app */;
			productType = "com.apple.product-type.application.watchapp2-container";
		};
		8564944E2C87466B00DC2B93 /* clock Watch App */ = {
			isa = PBXNativeTarget;
			buildConfigurationList = 856494752C87466E00DC2B93 /* Build configuration list for PBXNativeTarget "clock Watch App" */;
			buildPhases = (
				8564944B2C87466B00DC2B93 /* Sources */,
				8564944C2C87466B00DC2B93 /* Frameworks */,
				8564944D2C87466B00DC2B93 /* Resources */,
			);
			buildRules = (
			);
			dependencies = (
			);
			fileSystemSynchronizedGroups = (
				856494532C87466B00DC2B93 /* clock Watch App */,
			);
			name = "clock Watch App";
			packageProductDependencies = (
			);
			productName = "clock Watch App";
			productReference = 8564944F2C87466B00DC2B93 /* clock Watch App.app */;
			productType = "com.apple.product-type.application";
		};
		856494602C87466E00DC2B93 /* clock Watch AppTests */ = {
			isa = PBXNativeTarget;
			buildConfigurationList = 8564947C2C87466E00DC2B93 /* Build configuration list for PBXNativeTarget "clock Watch AppTests" */;
			buildPhases = (
				8564945D2C87466E00DC2B93 /* Sources */,
				8564945E2C87466E00DC2B93 /* Frameworks */,
				8564945F2C87466E00DC2B93 /* Resources */,
			);
			buildRules = (
			);
			dependencies = (
				856494632C87466E00DC2B93 /* PBXTargetDependency */,
			);
			fileSystemSynchronizedGroups = (
				856494642C87466E00DC2B93 /* clock Watch AppTests */,
			);
			name = "clock Watch AppTests";
			packageProductDependencies = (
			);
			productName = "clock Watch AppTests";
			productReference = 856494612C87466E00DC2B93 /* clock Watch AppTests.xctest */;
			productType = "com.apple.product-type.bundle.unit-test";
		};
		8564946A2C87466E00DC2B93 /* clock Watch AppUITests */ = {
			isa = PBXNativeTarget;
			buildConfigurationList = 8564947F2C87466E00DC2B93 /* Build configuration list for PBXNativeTarget "clock Watch AppUITests" */;
			buildPhases = (
				856494672C87466E00DC2B93 /* Sources */,
				856494682C87466E00DC2B93 /* Frameworks */,
				856494692C87466E00DC2B93 /* Resources */,
			);
			buildRules = (
			);
			dependencies = (
				8564946D2C87466E00DC2B93 /* PBXTargetDependency */,
			);
			fileSystemSynchronizedGroups = (
				8564946E2C87466E00DC2B93 /* clock Watch AppUITests */,
			);
			name = "clock Watch AppUITests";
			packageProductDependencies = (
			);
			productName = "clock Watch AppUITests";
			productReference = 8564946B2C87466E00DC2B93 /* clock Watch AppUITests.xctest */;
			productType = "com.apple.product-type.bundle.ui-testing";
		};
/* End PBXNativeTarget section */

/* Begin PBXProject section */
		856494432C87466B00DC2B93 /* Project object */ = {
			isa = PBXProject;
			attributes = {
				BuildIndependentTargetsInParallel = 1;
				LastSwiftUpdateCheck = 1600;
				LastUpgradeCheck = 1600;
				TargetAttributes = {
					856494482C87466B00DC2B93 = {
						CreatedOnToolsVersion = 16.0;
					};
					8564944E2C87466B00DC2B93 = {
						CreatedOnToolsVersion = 16.0;
					};
					856494602C87466E00DC2B93 = {
						CreatedOnToolsVersion = 16.0;
						TestTargetID = 8564944E2C87466B00DC2B93;
					};
					8564946A2C87466E00DC2B93 = {
						CreatedOnToolsVersion = 16.0;
						TestTargetID = 8564944E2C87466B00DC2B93;
					};
				};
			};
			buildConfigurationList = 856494462C87466B00DC2B93 /* Build configuration list for PBXProject "clock" */;
			developmentRegion = en;
			hasScannedForEncodings = 0;
			knownRegions = (
				en,
				Base,
			);
			mainGroup = 856494422C87466B00DC2B93;
			minimizedProjectReferenceProxies = 1;
			preferredProjectObjectVersion = 77;
			productRefGroup = 8564944A2C87466B00DC2B93 /* Products */;
			projectDirPath = "";
			projectRoot = "";
			targets = (
				856494482C87466B00DC2B93 /* clock */,
				8564944E2C87466B00DC2B93 /* clock Watch App */,
				856494602C87466E00DC2B93 /* clock Watch AppTests */,
				8564946A2C87466E00DC2B93 /* clock Watch AppUITests */,
			);
		};
/* End PBXProject section */

/* Begin PBXResourcesBuildPhase section */
		856494472C87466B00DC2B93 /* Resources */ = {
			isa = PBXResourcesBuildPhase;
			buildActionMask = 2147483647;
			files = (
			);
			runOnlyForDeploymentPostprocessing = 0;
		};
		8564944D2C87466B00DC2B93 /* Resources */ = {
			isa = PBXResourcesBuildPhase;
			buildActionMask = 2147483647;
			files = (
			);
			runOnlyForDeploymentPostprocessing = 0;
		};
		8564945F2C87466E00DC2B93 /* Resources */ = {
			isa = PBXResourcesBuildPhase;
			buildActionMask = 2147483647;
			files = (
			);
			runOnlyForDeploymentPostprocessing = 0;
		};
		856494692C87466E00DC2B93 /* Resources */ = {
			isa = PBXResourcesBuildPhase;
			buildActionMask = 2147483647;
			files = (
			);
			runOnlyForDeploymentPostprocessing = 0;
		};
/* End PBXResourcesBuildPhase section */

/* Begin PBXSourcesBuildPhase section */
		8564944B2C87466B00DC2B93 /* Sources */ = {
			isa = PBXSourcesBuildPhase;
			buildActionMask = 2147483647;
			files = (
			);
			runOnlyForDeploymentPostprocessing = 0;
		};
		8564945D2C87466E00DC2B93 /* Sources */ = {
			isa = PBXSourcesBuildPhase;
			buildActionMask = 2147483647;
			files = (
			);
			runOnlyForDeploymentPostprocessing = 0;
		};
		856494672C87466E00DC2B93 /* Sources */ = {
			isa = PBXSourcesBuildPhase;
			buildActionMask = 2147483647;
			files = (
			);
			runOnlyForDeploymentPostprocessing = 0;
		};
/* End PBXSourcesBuildPhase section */

/* Begin PBXTargetDependency section */
		856494522C87466B00DC2B93 /* PBXTargetDependency */ = {
			isa = PBXTargetDependency;
			target = 8564944E2C87466B00DC2B93 /* clock Watch App */;
			targetProxy = 856494512C87466B00DC2B93 /* PBXContainerItemProxy */;
		};
		856494632C87466E00DC2B93 /* PBXTargetDependency */ = {
			isa = PBXTargetDependency;
			target = 8564944E2C87466B00DC2B93 /* clock Watch App */;
			targetProxy = 856494622C87466E00DC2B93 /* PBXContainerItemProxy */;
		};
		8564946D2C87466E00DC2B93 /* PBXTargetDependency */ = {
			isa = PBXTargetDependency;
			target = 8564944E2C87466B00DC2B93 /* clock Watch App */;
			targetProxy = 8564946C2C87466E00DC2B93 /* PBXContainerItemProxy */;
		};
/* End PBXTargetDependency section */

/* Begin XCBuildConfiguration section */
		856494732C87466E00DC2B93 /* Debug */ = {
			isa = XCBuildConfiguration;
			buildSettings = {
				ALWAYS_SEARCH_USER_PATHS = NO;
				ASSETCATALOG_COMPILER_GENERATE_SWIFT_ASSET_SYMBOL_EXTENSIONS = YES;
				CLANG_ANALYZER_NONNULL = YES;
				CLANG_ANALYZER_NUMBER_OBJECT_CONVERSION = YES_AGGRESSIVE;
				CLANG_CXX_LANGUAGE_STANDARD = "gnu++20";
				CLANG_ENABLE_MODULES = YES;
				CLANG_ENABLE_OBJC_ARC = YES;
				CLANG_ENABLE_OBJC_WEAK = YES;
				CLANG_WARN_BLOCK_CAPTURE_AUTORELEASING = YES;
				CLANG_WARN_BOOL_CONVERSION = YES;
				CLANG_WARN_COMMA = YES;
				CLANG_WARN_CONSTANT_CONVERSION = YES;
				CLANG_WARN_DEPRECATED_OBJC_IMPLEMENTATIONS = YES;
				CLANG_WARN_DIRECT_OBJC_ISA_USAGE = YES_ERROR;
				CLANG_WARN_DOCUMENTATION_COMMENTS = YES;
				CLANG_WARN_EMPTY_BODY = YES;
				CLANG_WARN_ENUM_CONVERSION = YES;
				CLANG_WARN_INFINITE_RECURSION = YES;
				CLANG_WARN_INT_CONVERSION = YES;
				CLANG_WARN_NON_LITERAL_NULL_CONVERSION = YES;
				CLANG_WARN_OBJC_IMPLICIT_RETAIN_SELF = YES;
				CLANG_WARN_OBJC_LITERAL_CONVERSION = YES;
				CLANG_WARN_OBJC_ROOT_CLASS = YES_ERROR;
				CLANG_WARN_QUOTED_INCLUDE_IN_FRAMEWORK_HEADER = YES;
				CLANG_WARN_RANGE_LOOP_ANALYSIS = YES;
				CLANG_WARN_STRICT_PROTOTYPES = YES;
				CLANG_WARN_SUSPICIOUS_MOVE = YES;
				CLANG_WARN_UNGUARDED_AVAILABILITY = YES_AGGRESSIVE;
				CLANG_WARN_UNREACHABLE_CODE = YES;
				CLANG_WARN__DUPLICATE_METHOD_MATCH = YES;
				COPY_PHASE_STRIP = NO;
				DEBUG_INFORMATION_FORMAT = dwarf;
				ENABLE_STRICT_OBJC_MSGSEND = YES;
				ENABLE_TESTABILITY = YES;
				ENABLE_USER_SCRIPT_SANDBOXING = YES;
				GCC_C_LANGUAGE_STANDARD = gnu17;
				GCC_DYNAMIC_NO_PIC = NO;
				GCC_NO_COMMON_BLOCKS = YES;
				GCC_OPTIMIZATION_LEVEL = 0;
				GCC_PREPROCESSOR_DEFINITIONS = (
					"DEBUG=1",
					"$(inherited)",
				);
				GCC_WARN_64_TO_32_BIT_CONVERSION = YES;
				GCC_WARN_ABOUT_RETURN_TYPE = YES_ERROR;
				GCC_WARN_UNDECLARED_SELECTOR = YES;
				GCC_WARN_UNINITIALIZED_AUTOS = YES_AGGRESSIVE;
				GCC_WARN_UNUSED_FUNCTION = YES;
				GCC_WARN_UNUSED_VARIABLE = YES;
				LOCALIZATION_PREFERS_STRING_CATALOGS = YES;
				MTL_ENABLE_DEBUG_INFO = INCLUDE_SOURCE;
				MTL_FAST_MATH = YES;
				ONLY_ACTIVE_ARCH = YES;
				SWIFT_ACTIVE_COMPILATION_CONDITIONS = "DEBUG $(inherited)";
				SWIFT_OPTIMIZATION_LEVEL = "-Onone";
			};
			name = Debug;
		};
		856494742C87466E00DC2B93 /* Release */ = {
			isa = XCBuildConfiguration;
			buildSettings = {
				ALWAYS_SEARCH_USER_PATHS = NO;
				ASSETCATALOG_COMPILER_GENERATE_SWIFT_ASSET_SYMBOL_EXTENSIONS = YES;
				CLANG_ANALYZER_NONNULL = YES;
				CLANG_ANALYZER_NUMBER_OBJECT_CONVERSION = YES_AGGRESSIVE;
				CLANG_CXX_LANGUAGE_STANDARD = "gnu++20";
				CLANG_ENABLE_MODULES = YES;
				CLANG_ENABLE_OBJC_ARC = YES;
				CLANG_ENABLE_OBJC_WEAK = YES;
				CLANG_WARN_BLOCK_CAPTURE_AUTORELEASING = YES;
				CLANG_WARN_BOOL_CONVERSION = YES;
				CLANG_WARN_COMMA = YES;
				CLANG_WARN_CONSTANT_CONVERSION = YES;
				CLANG_WARN_DEPRECATED_OBJC_IMPLEMENTATIONS = YES;
				CLANG_WARN_DIRECT_OBJC_ISA_USAGE = YES_ERROR;
				CLANG_WARN_DOCUMENTATION_COMMENTS = YES;
				CLANG_WARN_EMPTY_BODY = YES;
				CLANG_WARN_ENUM_CONVERSION = YES;
				CLANG_WARN_INFINITE_RECURSION = YES;
				CLANG_WARN_INT_CONVERSION = YES;
				CLANG_WARN_NON_LITERAL_NULL_CONVERSION = YES;
				CLANG_WARN_OBJC_IMPLICIT_RETAIN_SELF = YES;
				CLANG_WARN_OBJC_LITERAL_CONVERSION = YES;
				CLANG_WARN_OBJC_ROOT_CLASS = YES_ERROR;
				CLANG_WARN_QUOTED_INCLUDE_IN_FRAMEWORK_HEADER = YES;
				CLANG_WARN_RANGE_LOOP_ANALYSIS = YES;
				CLANG_WARN_STRICT_PROTOTYPES = YES;
				CLANG_WARN_SUSPICIOUS_MOVE = YES;
				CLANG_WARN_UNGUARDED_AVAILABILITY = YES_AGGRESSIVE;
				CLANG_WARN_UNREACHABLE_CODE = YES;
				CLANG_WARN__DUPLICATE_METHOD_MATCH = YES;
				COPY_PHASE_STRIP = NO;
				DEBUG_INFORMATION_FORMAT = "dwarf-with-dsym";
				ENABLE_NS_ASSERTIONS = NO;
				ENABLE_STRICT_OBJC_MSGSEND = YES;
				ENABLE_USER_SCRIPT_SANDBOXING = YES;
				GCC_C_LANGUAGE_STANDARD = gnu17;
				GCC_NO_COMMON_BLOCKS = YES;
				GCC_WARN_64_TO_32_BIT_CONVERSION = YES;
				GCC_WARN_ABOUT_RETURN_TYPE = YES_ERROR;
				GCC_WARN_UNDECLARED_SELECTOR = YES;
				GCC_WARN_UNINITIALIZED_AUTOS = YES_AGGRESSIVE;
				GCC_WARN_UNUSED_FUNCTION = YES;
				GCC_WARN_UNUSED_VARIABLE = YES;
				LOCALIZATION_PREFERS_STRING_CATALOGS = YES;
				MTL_ENABLE_DEBUG_INFO = NO;
				MTL_FAST_MATH = YES;
				SWIFT_COMPILATION_MODE = wholemodule;
			};
			name = Release;
		};
		856494762C87466E00DC2B93 /* Debug */ = {
			isa = XCBuildConfiguration;
			buildSettings = {
				ASSETCATALOG_COMPILER_APPICON_NAME = AppIcon;
				ASSETCATALOG_COMPILER_GLOBAL_ACCENT_COLOR_NAME = AccentColor;
				CODE_SIGN_STYLE = Automatic;
				CURRENT_PROJECT_VERSION = 1;
				DEVELOPMENT_ASSET_PATHS = "\"clock Watch App/Preview Content\"";
				ENABLE_PREVIEWS = YES;
				GENERATE_INFOPLIST_FILE = YES;
				INFOPLIST_KEY_CFBundleDisplayName = clock;
				INFOPLIST_KEY_UISupportedInterfaceOrientations = "UIInterfaceOrientationPortrait UIInterfaceOrientationPortraitUpsideDown";
				INFOPLIST_KEY_WKWatchOnly = YES;
				LD_RUNPATH_SEARCH_PATHS = (
					"$(inherited)",
					"@executable_path/Frameworks",
				);
				MARKETING_VERSION = 1.0;
				PRODUCT_BUNDLE_IDENTIFIER = caroljardims.clock.watchkitapp;
				PRODUCT_NAME = "$(TARGET_NAME)";
				SDKROOT = watchos;
				SKIP_INSTALL = YES;
				SWIFT_EMIT_LOC_STRINGS = YES;
				SWIFT_VERSION = 5.0;
				TARGETED_DEVICE_FAMILY = 4;
				WATCHOS_DEPLOYMENT_TARGET = 11.0;
			};
			name = Debug;
		};
		856494772C87466E00DC2B93 /* Release */ = {
			isa = XCBuildConfiguration;
			buildSettings = {
				ASSETCATALOG_COMPILER_APPICON_NAME = AppIcon;
				ASSETCATALOG_COMPILER_GLOBAL_ACCENT_COLOR_NAME = AccentColor;
				CODE_SIGN_STYLE = Automatic;
				CURRENT_PROJECT_VERSION = 1;
				DEVELOPMENT_ASSET_PATHS = "\"clock Watch App/Preview Content\"";
				ENABLE_PREVIEWS = YES;
				GENERATE_INFOPLIST_FILE = YES;
				INFOPLIST_KEY_CFBundleDisplayName = clock;
				INFOPLIST_KEY_UISupportedInterfaceOrientations = "UIInterfaceOrientationPortrait UIInterfaceOrientationPortraitUpsideDown";
				INFOPLIST_KEY_WKWatchOnly = YES;
				LD_RUNPATH_SEARCH_PATHS = (
					"$(inherited)",
					"@executable_path/Frameworks",
				);
				MARKETING_VERSION = 1.0;
				PRODUCT_BUNDLE_IDENTIFIER = caroljardims.clock.watchkitapp;
				PRODUCT_NAME = "$(TARGET_NAME)";
				SDKROOT = watchos;
				SKIP_INSTALL = YES;
				SWIFT_EMIT_LOC_STRINGS = YES;
				SWIFT_VERSION = 5.0;
				TARGETED_DEVICE_FAMILY = 4;
				VALIDATE_PRODUCT = YES;
				WATCHOS_DEPLOYMENT_TARGET = 11.0;
			};
			name = Release;
		};
		8564947A2C87466E00DC2B93 /* Debug */ = {
			isa = XCBuildConfiguration;
			buildSettings = {
				CODE_SIGN_STYLE = Automatic;
				CURRENT_PROJECT_VERSION = 1;
				INFOPLIST_KEY_CFBundleDisplayName = clock;
				MARKETING_VERSION = 1.0;
				PRODUCT_BUNDLE_IDENTIFIER = caroljardims.clock;
				PRODUCT_NAME = "$(TARGET_NAME)";
				SDKROOT = iphoneos;
				SWIFT_VERSION = 5.0;
			};
			name = Debug;
		};
		8564947B2C87466E00DC2B93 /* Release */ = {
			isa = XCBuildConfiguration;
			buildSettings = {
				CODE_SIGN_STYLE = Automatic;
				CURRENT_PROJECT_VERSION = 1;
				INFOPLIST_KEY_CFBundleDisplayName = clock;
				MARKETING_VERSION = 1.0;
				PRODUCT_BUNDLE_IDENTIFIER = caroljardims.clock;
				PRODUCT_NAME = "$(TARGET_NAME)";
				SDKROOT = iphoneos;
				SWIFT_VERSION = 5.0;
				VALIDATE_PRODUCT = YES;
			};
			name = Release;
		};
		8564947D2C87466E00DC2B93 /* Debug */ = {
			isa = XCBuildConfiguration;
			buildSettings = {
				BUNDLE_LOADER = "$(TEST_HOST)";
				CODE_SIGN_STYLE = Automatic;
				CURRENT_PROJECT_VERSION = 1;
				GENERATE_INFOPLIST_FILE = YES;
				MARKETING_VERSION = 1.0;
				PRODUCT_BUNDLE_IDENTIFIER = "caroljardims.clock-Watch-AppTests";
				PRODUCT_NAME = "$(TARGET_NAME)";
				SDKROOT = watchos;
				SWIFT_EMIT_LOC_STRINGS = NO;
				SWIFT_VERSION = 5.0;
				TARGETED_DEVICE_FAMILY = 4;
				TEST_HOST = "$(BUILT_PRODUCTS_DIR)/clock Watch App.app/$(BUNDLE_EXECUTABLE_FOLDER_PATH)/clock Watch App";
				WATCHOS_DEPLOYMENT_TARGET = 11.0;
			};
			name = Debug;
		};
		8564947E2C87466E00DC2B93 /* Release */ = {
			isa = XCBuildConfiguration;
			buildSettings = {
				BUNDLE_LOADER = "$(TEST_HOST)";
				CODE_SIGN_STYLE = Automatic;
				CURRENT_PROJECT_VERSION = 1;
				GENERATE_INFOPLIST_FILE = YES;
				MARKETING_VERSION = 1.0;
				PRODUCT_BUNDLE_IDENTIFIER = "caroljardims.clock-Watch-AppTests";
				PRODUCT_NAME = "$(TARGET_NAME)";
				SDKROOT = watchos;
				SWIFT_EMIT_LOC_STRINGS = NO;
				SWIFT_VERSION = 5.0;
				TARGETED_DEVICE_FAMILY = 4;
				TEST_HOST = "$(BUILT_PRODUCTS_DIR)/clock Watch App.app/$(BUNDLE_EXECUTABLE_FOLDER_PATH)/clock Watch App";
				VALIDATE_PRODUCT = YES;
				WATCHOS_DEPLOYMENT_TARGET = 11.0;
			};
			name = Release;
		};
		856494802C87466E00DC2B93 /* Debug */ = {
			isa = XCBuildConfiguration;
			buildSettings = {
				CODE_SIGN_STYLE = Automatic;
				CURRENT_PROJECT_VERSION = 1;
				GENERATE_INFOPLIST_FILE = YES;
				MARKETING_VERSION = 1.0;
				PRODUCT_BUNDLE_IDENTIFIER = "caroljardims.clock-Watch-AppUITests";
				PRODUCT_NAME = "$(TARGET_NAME)";
				SDKROOT = watchos;
				SWIFT_EMIT_LOC_STRINGS = NO;
				SWIFT_VERSION = 5.0;
				TARGETED_DEVICE_FAMILY = 4;
				TEST_TARGET_NAME = "clock Watch App";
				WATCHOS_DEPLOYMENT_TARGET = 11.0;
			};
			name = Debug;
		};
		856494812C87466E00DC2B93 /* Release */ = {
			isa = XCBuildConfiguration;
			buildSettings = {
				CODE_SIGN_STYLE = Automatic;
				CURRENT_PROJECT_VERSION = 1;
				GENERATE_INFOPLIST_FILE = YES;
				MARKETING_VERSION = 1.0;
				PRODUCT_BUNDLE_IDENTIFIER = "caroljardims.clock-Watch-AppUITests";
				PRODUCT_NAME = "$(TARGET_NAME)";
				SDKROOT = watchos;
				SWIFT_EMIT_LOC_STRINGS = NO;
				SWIFT_VERSION = 5.0;
				TARGETED_DEVICE_FAMILY = 4;
				TEST_TARGET_NAME = "clock Watch App";
				VALIDATE_PRODUCT = YES;
				WATCHOS_DEPLOYMENT_TARGET = 11.0;
			};
			name = Release;
		};
/* End XCBuildConfiguration section */

/* Begin XCConfigurationList section */
		856494462C87466B00DC2B93 /* Build configuration list for PBXProject "clock" */ = {
			isa = XCConfigurationList;
			buildConfigurations = (
				856494732C87466E00DC2B93 /* Debug */,
				856494742C87466E00DC2B93 /* Release */,
			);
			defaultConfigurationIsVisible = 0;
			defaultConfigurationName = Release;
		};
		856494752C87466E00DC2B93 /* Build configuration list for PBXNativeTarget "clock Watch App" */ = {
			isa = XCConfigurationList;
			buildConfigurations = (
				856494762C87466E00DC2B93 /* Debug */,
				856494772C87466E00DC2B93 /* Release */,
			);
			defaultConfigurationIsVisible = 0;
			defaultConfigurationName = Release;
		};
		856494792C87466E00DC2B93 /* Build configuration list for PBXNativeTarget "clock" */ = {
			isa = XCConfigurationList;
			buildConfigurations = (
				8564947A2C87466E00DC2B93 /* Debug */,
				8564947B2C87466E00DC2B93 /* Release */,
			);
			defaultConfigurationIsVisible = 0;
			defaultConfigurationName = Release;
		};
		8564947C2C87466E00DC2B93 /* Build configuration list for PBXNativeTarget "clock Watch AppTests" */ = {
			isa = XCConfigurationList;
			buildConfigurations = (
				8564947D2C87466E00DC2B93 /* Debug */,
				8564947E2C87466E00DC2B93 /* Release */,
			);
			defaultConfigurationIsVisible = 0;
			defaultConfigurationName = Release;
		};
		8564947F2C87466E00DC2B93 /* Build configuration list for PBXNativeTarget "clock Watch AppUITests" */ = {
			isa = XCConfigurationList;
			buildConfigurations = (
				856494802C87466E00DC2B93 /* Debug */,
				856494812C87466E00DC2B93 /* Release */,
			);
			defaultConfigurationIsVisible = 0;
			defaultConfigurationName = Release;
		};
/* End XCConfigurationList section */
	};
	rootObject = 856494432C87466B00DC2B93 /* Project object */;
}
